
Microsoft Visual Studio Solution File, Format Version 12.00
# Visual Studio Version 17
VisualStudioVersion = 17.5.33530.505
MinimumVisualStudioVersion = 10.0.40219.1
Project("{FAE04EC0-301F-11D3-BF4B-00C04F79EFBC}") = "beeching", "beeching.csproj", "{10712ACE-5196-4346-B0A4-DC7B5DA29740}"
EndProject
Global
	GlobalSection(SolutionConfigurationPlatforms) = preSolution
		Debug|Any CPU = Debug|Any CPU
		Release|Any CPU = Release|Any CPU
	EndGlobalSection
	GlobalSection(ProjectConfigurationPlatforms) = postSolution
		{10712ACE-5196-4346-B0A4-DC7B5DA29740}.Debug|Any CPU.ActiveCfg = Debug|Any CPU
		{10712ACE-5196-4346-B0A4-DC7B5DA29740}.Debug|Any CPU.Build.0 = Debug|Any CPU
		{10712ACE-5196-4346-B0A4-DC7B5DA29740}.Release|Any CPU.ActiveCfg = Release|Any CPU
		{10712ACE-5196-4346-B0A4-DC7B5DA29740}.Release|Any CPU.Build.0 = Release|Any CPU
	EndGlobalSection
	GlobalSection(SolutionProperties) = preSolution
		HideSolutionNode = FALSE
	EndGlobalSection
	GlobalSection(ExtensibilityGlobals) = postSolution
		SolutionGuid = {7B3DAA43-D8DB-43D9-9AFB-154554E4A373}
	EndGlobalSection
EndGlobal
